
Microsoft Visual Studio Solution File, Format Version 12.00
Project("{FAE04EC0-301F-11D3-BF4B-00C04F79EFBC}") = "Kseflab.pl.example", "Kseflab.pl.example\Kseflab.pl.example.csproj", "{13DE1F05-7A58-4E19-AA86-9534294BB204}"
EndProject
Global
	GlobalSection(SolutionConfigurationPlatforms) = preSolution
		Debug|Any CPU = Debug|Any CPU
		Release|Any CPU = Release|Any CPU
	EndGlobalSection
	GlobalSection(ProjectConfigurationPlatforms) = postSolution
		{13DE1F05-7A58-4E19-AA86-9534294BB204}.Debug|Any CPU.ActiveCfg = Debug|Any CPU
		{13DE1F05-7A58-4E19-AA86-9534294BB204}.Debug|Any CPU.Build.0 = Debug|Any CPU
		{13DE1F05-7A58-4E19-AA86-9534294BB204}.Release|Any CPU.ActiveCfg = Release|Any CPU
		{13DE1F05-7A58-4E19-AA86-9534294BB204}.Release|Any CPU.Build.0 = Release|Any CPU
	EndGlobalSection
EndGlobal
